<Solution>
  <Folder Name="/src/">
    <Project Path="src/Kronos.Net.Weights.Mini/Kronos.Net.Weights.Mini.csproj" />
    <Project Path="src/Kronos.Net.Weights.Small/Kronos.Net.Weights.Small.csproj" />
    <Project Path="src/Kronos.Net/Kronos.Net.csproj" />
  </Folder>
  <Folder Name="/tests/">
    <Project Path="tests/Kronos.Net.Parity/Kronos.Net.Parity.csproj" />
    <Project Path="tests/Kronos.Net.Tests/Kronos.Net.Tests.csproj" />
  </Folder>
</Solution>
